// !$*UTF8*$!
{
	archiveVersion = 1;
	classes = {
	};
	objectVersion = 56;
	objects = {

/* Begin PBXBuildFile section */
		3F9A638A29771EE800C3CAEE /* AppDelegate.swift in Sources */ = {isa = PBXBuildFile; fileRef = 3F9A638929771EE800C3CAEE /* AppDelegate.swift */; };
		3F9A638C29771EE800C3CAEE /* SceneDelegate.swift in Sources */ = {isa = PBXBuildFile; fileRef = 3F9A638B29771EE800C3CAEE /* SceneDelegate.swift */; };
		3F9A638E29771EE800C3CAEE /* ViewController.swift in Sources */ = {isa = PBXBuildFile; fileRef = 3F9A638D29771EE800C3CAEE /* ViewController.swift */; };
		3F9A639129771EE800C3CAEE /* Main.storyboard in Resources */ = {isa = PBXBuildFile; fileRef = 3F9A638F29771EE800C3CAEE /* Main.storyboard */; };
		3F9A639429771EE800C3CAEE /* AppChuckNorris.xcdatamodeld in Sources */ = {isa = PBXBuildFile; fileRef = 3F9A639229771EE800C3CAEE /* AppChuckNorris.xcdatamodeld */; };
		3F9A639629771EEA00C3CAEE /* Assets.xcassets in Resources */ = {isa = PBXBuildFile; fileRef = 3F9A639529771EEA00C3CAEE /* Assets.xcassets */; };
		3F9A639929771EEA00C3CAEE /* LaunchScreen.storyboard in Resources */ = {isa = PBXBuildFile; fileRef = 3F9A639729771EEA00C3CAEE /* LaunchScreen.storyboard */; };
		3F9A63A429771EEA00C3CAEE /* AppChuckNorrisTests.swift in Sources */ = {isa = PBXBuildFile; fileRef = 3F9A63A329771EEA00C3CAEE /* AppChuckNorrisTests.swift */; };
		3F9A63AE29771EEA00C3CAEE /* AppChuckNorrisUITests.swift in Sources */ = {isa = PBXBuildFile; fileRef = 3F9A63AD29771EEA00C3CAEE /* AppChuckNorrisUITests.swift */; };
		3F9A63B029771EEA00C3CAEE /* AppChuckNorrisUITestsLaunchTests.swift in Sources */ = {isa = PBXBuildFile; fileRef = 3F9A63AF29771EEA00C3CAEE /* AppChuckNorrisUITestsLaunchTests.swift */; };
/* End PBXBuildFile section */

/* Begin PBXContainerItemProxy section */
		3F9A63A029771EEA00C3CAEE /* PBXContainerItemProxy */ = {
			isa = PBXContainerItemProxy;
			containerPortal = 3F9A637E29771EE800C3CAEE /* Project object */;
			proxyType = 1;
			remoteGlobalIDString = 3F9A638529771EE800C3CAEE;
			remoteInfo = AppChuckNorris;
		};
		3F9A63AA29771EEA00C3CAEE /* PBXContainerItemProxy */ = {
			isa = PBXContainerItemProxy;
			containerPortal = 3F9A637E29771EE800C3CAEE /* Project object */;
			proxyType = 1;
			remoteGlobalIDString = 3F9A638529771EE800C3CAEE;
			remoteInfo = AppChuckNorris;
		};
/* End PBXContainerItemProxy section */

/* Begin PBXFileReference section */
		3F9A638629771EE800C3CAEE /* AppChuckNorris.app */ = {isa = PBXFileReference; explicitFileType = wrapper.application; includeInIndex = 0; path = AppChuckNorris.app; sourceTree = BUILT_PRODUCTS_DIR; };
		3F9A638929771EE800C3CAEE /* AppDelegate.swift */ = {isa = PBXFileReference; lastKnownFileType = sourcecode.swift; path = AppDelegate.swift; sourceTree = "<group>"; };
		3F9A638B29771EE800C3CAEE /* SceneDelegate.swift */ = {isa = PBXFileReference; lastKnownFileType = sourcecode.swift; path = SceneDelegate.swift; sourceTree = "<group>"; };
		3F9A638D29771EE800C3CAEE /* ViewController.swift */ = {isa = PBXFileReference; lastKnownFileType = sourcecode.swift; path = ViewController.swift; sourceTree = "<group>"; };
		3F9A639029771EE800C3CAEE /* Base */ = {isa = PBXFileReference; lastKnownFileType = file.storyboard; name = Base; path = Base.lproj/Main.storyboard; sourceTree = "<group>"; };
		3F9A639329771EE800C3CAEE /* AppChuckNorris.xcdatamodel */ = {isa = PBXFileReference; lastKnownFileType = wrapper.xcdatamodel; path = AppChuckNorris.xcdatamodel; sourceTree = "<group>"; };
		3F9A639529771EEA00C3CAEE /* Assets.xcassets */ = {isa = PBXFileReference; lastKnownFileType = folder.assetcatalog; path = Assets.xcassets; sourceTree = "<group>"; };
		3F9A639829771EEA00C3CAEE /* Base */ = {isa = PBXFileReference; lastKnownFileType = file.storyboard; name = Base; path = Base.lproj/LaunchScreen.storyboard; sourceTree = "<group>"; };
		3F9A639A29771EEA00C3CAEE /* Info.plist */ = {isa = PBXFileReference; lastKnownFileType = text.plist.xml; path = Info.plist; sourceTree = "<group>"; };
		3F9A639F29771EEA00C3CAEE /* AppChuckNorrisTests.xctest */ = {isa = PBXFileReference; explicitFileType = wrapper.cfbundle; includeInIndex = 0; path = AppChuckNorrisTests.xctest; sourceTree = BUILT_PRODUCTS_DIR; };
		3F9A63A329771EEA00C3CAEE /* AppChuckNorrisTests.swift */ = {isa = PBXFileReference; lastKnownFileType = sourcecode.swift; path = AppChuckNorrisTests.swift; sourceTree = "<group>"; };
		3F9A63A929771EEA00C3CAEE /* AppChuckNorrisUITests.xctest */ = {isa = PBXFileReference; explicitFileType = wrapper.cfbundle; includeInIndex = 0; path = AppChuckNorrisUITests.xctest; sourceTree = BUILT_PRODUCTS_DIR; };
		3F9A63AD29771EEA00C3CAEE /* AppChuckNorrisUITests.swift */ = {isa = PBXFileReference; lastKnownFileType = sourcecode.swift; path = AppChuckNorrisUITests.swift; sourceTree = "<group>"; };
		3F9A63AF29771EEA00C3CAEE /* AppChuckNorrisUITestsLaunchTests.swift */ = {isa = PBXFileReference; lastKnownFileType = sourcecode.swift; path = AppChuckNorrisUITestsLaunchTests.swift; sourceTree = "<group>"; };
/* End PBXFileReference section */

/* Begin PBXFrameworksBuildPhase section */
		3F9A638329771EE800C3CAEE /* Frameworks */ = {
			isa = PBXFrameworksBuildPhase;
			buildActionMask = 2147483647;
			files = (
			);
			runOnlyForDeploymentPostprocessing = 0;
		};
		3F9A639C29771EEA00C3CAEE /* Frameworks */ = {
			isa = PBXFrameworksBuildPhase;
			buildActionMask = 2147483647;
			files = (
			);
			runOnlyForDeploymentPostprocessing = 0;
		};
		3F9A63A629771EEA00C3CAEE /* Frameworks */ = {
			isa = PBXFrameworksBuildPhase;
			buildActionMask = 2147483647;
			files = (
			);
			runOnlyForDeploymentPostprocessing = 0;
		};
/* End PBXFrameworksBuildPhase section */

/* Begin PBXGroup section */
		3F9A637D29771EE800C3CAEE = {
			isa = PBXGroup;
			children = (
				3F9A638829771EE800C3CAEE /* AppChuckNorris */,
				3F9A63A229771EEA00C3CAEE /* AppChuckNorrisTests */,
				3F9A63AC29771EEA00C3CAEE /* AppChuckNorrisUITests */,
				3F9A638729771EE800C3CAEE /* Products */,
			);
			sourceTree = "<group>";
		};
		3F9A638729771EE800C3CAEE /* Products */ = {
			isa = PBXGroup;
			children = (
				3F9A638629771EE800C3CAEE /* AppChuckNorris.app */,
				3F9A639F29771EEA00C3CAEE /* AppChuckNorrisTests.xctest */,
				3F9A63A929771EEA00C3CAEE /* AppChuckNorrisUITests.xctest */,
			);
			name = Products;
			sourceTree = "<group>";
		};
		3F9A638829771EE800C3CAEE /* AppChuckNorris */ = {
			isa = PBXGroup;
			children = (
				3F9A638929771EE800C3CAEE /* AppDelegate.swift */,
				3F9A638B29771EE800C3CAEE /* SceneDelegate.swift */,
				3F9A638D29771EE800C3CAEE /* ViewController.swift */,
				3F9A638F29771EE800C3CAEE /* Main.storyboard */,
				3F9A639529771EEA00C3CAEE /* Assets.xcassets */,
				3F9A639729771EEA00C3CAEE /* LaunchScreen.storyboard */,
				3F9A639A29771EEA00C3CAEE /* Info.plist */,
				3F9A639229771EE800C3CAEE /* AppChuckNorris.xcdatamodeld */,
			);
			path = AppChuckNorris;
			sourceTree = "<group>";
		};
		3F9A63A229771EEA00C3CAEE /* AppChuckNorrisTests */ = {
			isa = PBXGroup;
			children = (
				3F9A63A329771EEA00C3CAEE /* AppChuckNorrisTests.swift */,
			);
			path = AppChuckNorrisTests;
			sourceTree = "<group>";
		};
		3F9A63AC29771EEA00C3CAEE /* AppChuckNorrisUITests */ = {
			isa = PBXGroup;
			children = (
				3F9A63AD29771EEA00C3CAEE /* AppChuckNorrisUITests.swift */,
				3F9A63AF29771EEA00C3CAEE /* AppChuckNorrisUITestsLaunchTests.swift */,
			);
			path = AppChuckNorrisUITests;
			sourceTree = "<group>";
		};
/* End PBXGroup section */

/* Begin PBXNativeTarget section */
		3F9A638529771EE800C3CAEE /* AppChuckNorris */ = {
			isa = PBXNativeTarget;
			buildConfigurationList = 3F9A63B329771EEA00C3CAEE /* Build configuration list for PBXNativeTarget "AppChuckNorris" */;
			buildPhases = (
				3F9A638229771EE800C3CAEE /* Sources */,
				3F9A638329771EE800C3CAEE /* Frameworks */,
				3F9A638429771EE800C3CAEE /* Resources */,
			);
			buildRules = (
			);
			dependencies = (
			);
			name = AppChuckNorris;
			productName = AppChuckNorris;
			productReference = 3F9A638629771EE800C3CAEE /* AppChuckNorris.app */;
			productType = "com.apple.product-type.application";
		};
		3F9A639E29771EEA00C3CAEE /* AppChuckNorrisTests */ = {
			isa = PBXNativeTarget;
			buildConfigurationList = 3F9A63B629771EEA00C3CAEE /* Build configuration list for PBXNativeTarget "AppChuckNorrisTests" */;
			buildPhases = (
				3F9A639B29771EEA00C3CAEE /* Sources */,
				3F9A639C29771EEA00C3CAEE /* Frameworks */,
				3F9A639D29771EEA00C3CAEE /* Resources */,
			);
			buildRules = (
			);
			dependencies = (
				3F9A63A129771EEA00C3CAEE /* PBXTargetDependency */,
			);
			name = AppChuckNorrisTests;
			productName = AppChuckNorrisTests;
			productReference = 3F9A639F29771EEA00C3CAEE /* AppChuckNorrisTests.xctest */;
			productType = "com.apple.product-type.bundle.unit-test";
		};
		3F9A63A829771EEA00C3CAEE /* AppChuckNorrisUITests */ = {
			isa = PBXNativeTarget;
			buildConfigurationList = 3F9A63B929771EEA00C3CAEE /* Build configuration list for PBXNativeTarget "AppChuckNorrisUITests" */;
			buildPhases = (
				3F9A63A529771EEA00C3CAEE /* Sources */,
				3F9A63A629771EEA00C3CAEE /* Frameworks */,
				3F9A63A729771EEA00C3CAEE /* Resources */,
			);
			buildRules = (
			);
			dependencies = (
				3F9A63AB29771EEA00C3CAEE /* PBXTargetDependency */,
			);
			name = AppChuckNorrisUITests;
			productName = AppChuckNorrisUITests;
			productReference = 3F9A63A929771EEA00C3CAEE /* AppChuckNorrisUITests.xctest */;
			productType = "com.apple.product-type.bundle.ui-testing";
		};
/* End PBXNativeTarget section */

/* Begin PBXProject section */
		3F9A637E29771EE800C3CAEE /* Project object */ = {
			isa = PBXProject;
			attributes = {
				BuildIndependentTargetsInParallel = 1;
				LastSwiftUpdateCheck = 1420;
				LastUpgradeCheck = 1420;
				TargetAttributes = {
					3F9A638529771EE800C3CAEE = {
						CreatedOnToolsVersion = 14.2;
					};
					3F9A639E29771EEA00C3CAEE = {
						CreatedOnToolsVersion = 14.2;
						TestTargetID = 3F9A638529771EE800C3CAEE;
					};
					3F9A63A829771EEA00C3CAEE = {
						CreatedOnToolsVersion = 14.2;
						TestTargetID = 3F9A638529771EE800C3CAEE;
					};
				};
			};
			buildConfigurationList = 3F9A638129771EE800C3CAEE /* Build configuration list for PBXProject "AppChuckNorris" */;
			compatibilityVersion = "Xcode 14.0";
			developmentRegion = en;
			hasScannedForEncodings = 0;
			knownRegions = (
				en,
				Base,
			);
			mainGroup = 3F9A637D29771EE800C3CAEE;
			productRefGroup = 3F9A638729771EE800C3CAEE /* Products */;
			projectDirPath = "";
			projectRoot = "";
			targets = (
				3F9A638529771EE800C3CAEE /* AppChuckNorris */,
				3F9A639E29771EEA00C3CAEE /* AppChuckNorrisTests */,
				3F9A63A829771EEA00C3CAEE /* AppChuckNorrisUITests */,
			);
		};
/* End PBXProject section */

/* Begin PBXResourcesBuildPhase section */
		3F9A638429771EE800C3CAEE /* Resources */ = {
			isa = PBXResourcesBuildPhase;
			buildActionMask = 2147483647;
			files = (
				3F9A639929771EEA00C3CAEE /* LaunchScreen.storyboard in Resources */,
				3F9A639629771EEA00C3CAEE /* Assets.xcassets in Resources */,
				3F9A639129771EE800C3CAEE /* Main.storyboard in Resources */,
			);
			runOnlyForDeploymentPostprocessing = 0;
		};
		3F9A639D29771EEA00C3CAEE /* Resources */ = {
			isa = PBXResourcesBuildPhase;
			buildActionMask = 2147483647;
			files = (
			);
			runOnlyForDeploymentPostprocessing = 0;
		};
		3F9A63A729771EEA00C3CAEE /* Resources */ = {
			isa = PBXResourcesBuildPhase;
			buildActionMask = 2147483647;
			files = (
			);
			runOnlyForDeploymentPostprocessing = 0;
		};
/* End PBXResourcesBuildPhase section */

/* Begin PBXSourcesBuildPhase section */
		3F9A638229771EE800C3CAEE /* Sources */ = {
			isa = PBXSourcesBuildPhase;
			buildActionMask = 2147483647;
			files = (
				3F9A638E29771EE800C3CAEE /* ViewController.swift in Sources */,
				3F9A638A29771EE800C3CAEE /* AppDelegate.swift in Sources */,
				3F9A638C29771EE800C3CAEE /* SceneDelegate.swift in Sources */,
				3F9A639429771EE800C3CAEE /* AppChuckNorris.xcdatamodeld in Sources */,
			);
			runOnlyForDeploymentPostprocessing = 0;
		};
		3F9A639B29771EEA00C3CAEE /* Sources */ = {
			isa = PBXSourcesBuildPhase;
			buildActionMask = 2147483647;
			files = (
				3F9A63A429771EEA00C3CAEE /* AppChuckNorrisTests.swift in Sources */,
			);
			runOnlyForDeploymentPostprocessing = 0;
		};
		3F9A63A529771EEA00C3CAEE /* Sources */ = {
			isa = PBXSourcesBuildPhase;
			buildActionMask = 2147483647;
			files = (
				3F9A63B029771EEA00C3CAEE /* AppChuckNorrisUITestsLaunchTests.swift in Sources */,
				3F9A63AE29771EEA00C3CAEE /* AppChuckNorrisUITests.swift in Sources */,
			);
			runOnlyForDeploymentPostprocessing = 0;
		};
/* End PBXSourcesBuildPhase section */

/* Begin PBXTargetDependency section */
		3F9A63A129771EEA00C3CAEE /* PBXTargetDependency */ = {
			isa = PBXTargetDependency;
			target = 3F9A638529771EE800C3CAEE /* AppChuckNorris */;
			targetProxy = 3F9A63A029771EEA00C3CAEE /* PBXContainerItemProxy */;
		};
		3F9A63AB29771EEA00C3CAEE /* PBXTargetDependency */ = {
			isa = PBXTargetDependency;
			target = 3F9A638529771EE800C3CAEE /* AppChuckNorris */;
			targetProxy = 3F9A63AA29771EEA00C3CAEE /* PBXContainerItemProxy */;
		};
/* End PBXTargetDependency section */

/* Begin PBXVariantGroup section */
		3F9A638F29771EE800C3CAEE /* Main.storyboard */ = {
			isa = PBXVariantGroup;
			children = (
				3F9A639029771EE800C3CAEE /* Base */,
			);
			name = Main.storyboard;
			sourceTree = "<group>";
		};
		3F9A639729771EEA00C3CAEE /* LaunchScreen.storyboard */ = {
			isa = PBXVariantGroup;
			children = (
				3F9A639829771EEA00C3CAEE /* Base */,
			);
			name = LaunchScreen.storyboard;
			sourceTree = "<group>";
		};
/* End PBXVariantGroup section */

/* Begin XCBuildConfiguration section */
		3F9A63B129771EEA00C3CAEE /* Debug */ = {
			isa = XCBuildConfiguration;
			buildSettings = {
				ALWAYS_SEARCH_USER_PATHS = NO;
				CLANG_ANALYZER_NONNULL = YES;
				CLANG_ANALYZER_NUMBER_OBJECT_CONVERSION = YES_AGGRESSIVE;
				CLANG_CXX_LANGUAGE_STANDARD = "gnu++20";
				CLANG_ENABLE_MODULES = YES;
				CLANG_ENABLE_OBJC_ARC = YES;
				CLANG_ENABLE_OBJC_WEAK = YES;
				CLANG_WARN_BLOCK_CAPTURE_AUTORELEASING = YES;
				CLANG_WARN_BOOL_CONVERSION = YES;
				CLANG_WARN_COMMA = YES;
				CLANG_WARN_CONSTANT_CONVERSION = YES;
				CLANG_WARN_DEPRECATED_OBJC_IMPLEMENTATIONS = YES;
				CLANG_WARN_DIRECT_OBJC_ISA_USAGE = YES_ERROR;
				CLANG_WARN_DOCUMENTATION_COMMENTS = YES;
				CLANG_WARN_EMPTY_BODY = YES;
				CLANG_WARN_ENUM_CONVERSION = YES;
				CLANG_WARN_INFINITE_RECURSION = YES;
				CLANG_WARN_INT_CONVERSION = YES;
				CLANG_WARN_NON_LITERAL_NULL_CONVERSION = YES;
				CLANG_WARN_OBJC_IMPLICIT_RETAIN_SELF = YES;
				CLANG_WARN_OBJC_LITERAL_CONVERSION = YES;
				CLANG_WARN_OBJC_ROOT_CLASS = YES_ERROR;
				CLANG_WARN_QUOTED_INCLUDE_IN_FRAMEWORK_HEADER = YES;
				CLANG_WARN_RANGE_LOOP_ANALYSIS = YES;
				CLANG_WARN_STRICT_PROTOTYPES = YES;
				CLANG_WARN_SUSPICIOUS_MOVE = YES;
				CLANG_WARN_UNGUARDED_AVAILABILITY = YES_AGGRESSIVE;
				CLANG_WARN_UNREACHABLE_CODE = YES;
				CLANG_WARN__DUPLICATE_METHOD_MATCH = YES;
				COPY_PHASE_STRIP = NO;
				DEBUG_INFORMATION_FORMAT = dwarf;
				ENABLE_STRICT_OBJC_MSGSEND = YES;
				ENABLE_TESTABILITY = YES;
				GCC_C_LANGUAGE_STANDARD = gnu11;
				GCC_DYNAMIC_NO_PIC = NO;
				GCC_NO_COMMON_BLOCKS = YES;
				GCC_OPTIMIZATION_LEVEL = 0;
				GCC_PREPROCESSOR_DEFINITIONS = (
					"DEBUG=1",
					"$(inherited)",
				);
				GCC_WARN_64_TO_32_BIT_CONVERSION = YES;
				GCC_WARN_ABOUT_RETURN_TYPE = YES_ERROR;
				GCC_WARN_UNDECLARED_SELECTOR = YES;
				GCC_WARN_UNINITIALIZED_AUTOS = YES_AGGRESSIVE;
				GCC_WARN_UNUSED_FUNCTION = YES;
				GCC_WARN_UNUSED_VARIABLE = YES;
				IPHONEOS_DEPLOYMENT_TARGET = 16.2;
				MTL_ENABLE_DEBUG_INFO = INCLUDE_SOURCE;
				MTL_FAST_MATH = YES;
				ONLY_ACTIVE_ARCH = YES;
				SDKROOT = iphoneos;
				SWIFT_ACTIVE_COMPILATION_CONDITIONS = DEBUG;
				SWIFT_OPTIMIZATION_LEVEL = "-Onone";
			};
			name = Debug;
		};
		3F9A63B229771EEA00C3CAEE /* Release */ = {
			isa = XCBuildConfiguration;
			buildSettings = {
				ALWAYS_SEARCH_USER_PATHS = NO;
				CLANG_ANALYZER_NONNULL = YES;
				CLANG_ANALYZER_NUMBER_OBJECT_CONVERSION = YES_AGGRESSIVE;
				CLANG_CXX_LANGUAGE_STANDARD = "gnu++20";
				CLANG_ENABLE_MODULES = YES;
				CLANG_ENABLE_OBJC_ARC = YES;
				CLANG_ENABLE_OBJC_WEAK = YES;
				CLANG_WARN_BLOCK_CAPTURE_AUTORELEASING = YES;
				CLANG_WARN_BOOL_CONVERSION = YES;
				CLANG_WARN_COMMA = YES;
				CLANG_WARN_CONSTANT_CONVERSION = YES;
				CLANG_WARN_DEPRECATED_OBJC_IMPLEMENTATIONS = YES;
				CLANG_WARN_DIRECT_OBJC_ISA_USAGE = YES_ERROR;
				CLANG_WARN_DOCUMENTATION_COMMENTS = YES;
				CLANG_WARN_EMPTY_BODY = YES;
				CLANG_WARN_ENUM_CONVERSION = YES;
				CLANG_WARN_INFINITE_RECURSION = YES;
				CLANG_WARN_INT_CONVERSION = YES;
				CLANG_WARN_NON_LITERAL_NULL_CONVERSION = YES;
				CLANG_WARN_OBJC_IMPLICIT_RETAIN_SELF = YES;
				CLANG_WARN_OBJC_LITERAL_CONVERSION = YES;
				CLANG_WARN_OBJC_ROOT_CLASS = YES_ERROR;
				CLANG_WARN_QUOTED_INCLUDE_IN_FRAMEWORK_HEADER = YES;
				CLANG_WARN_RANGE_LOOP_ANALYSIS = YES;
				CLANG_WARN_STRICT_PROTOTYPES = YES;
				CLANG_WARN_SUSPICIOUS_MOVE = YES;
				CLANG_WARN_UNGUARDED_AVAILABILITY = YES_AGGRESSIVE;
				CLANG_WARN_UNREACHABLE_CODE = YES;
				CLANG_WARN__DUPLICATE_METHOD_MATCH = YES;
				COPY_PHASE_STRIP = NO;
				DEBUG_INFORMATION_FORMAT = "dwarf-with-dsym";
				ENABLE_NS_ASSERTIONS = NO;
				ENABLE_STRICT_OBJC_MSGSEND = YES;
				GCC_C_LANGUAGE_STANDARD = gnu11;
				GCC_NO_COMMON_BLOCKS = YES;
				GCC_WARN_64_TO_32_BIT_CONVERSION = YES;
				GCC_WARN_ABOUT_RETURN_TYPE = YES_ERROR;
				GCC_WARN_UNDECLARED_SELECTOR = YES;
				GCC_WARN_UNINITIALIZED_AUTOS = YES_AGGRESSIVE;
				GCC_WARN_UNUSED_FUNCTION = YES;
				GCC_WARN_UNUSED_VARIABLE = YES;
				IPHONEOS_DEPLOYMENT_TARGET = 16.2;
				MTL_ENABLE_DEBUG_INFO = NO;
				MTL_FAST_MATH = YES;
				SDKROOT = iphoneos;
				SWIFT_COMPILATION_MODE = wholemodule;
				SWIFT_OPTIMIZATION_LEVEL = "-O";
				VALIDATE_PRODUCT = YES;
			};
			name = Release;
		};
		3F9A63B429771EEA00C3CAEE /* Debug */ = {
			isa = XCBuildConfiguration;
			buildSettings = {
				ASSETCATALOG_COMPILER_APPICON_NAME = AppIcon;
				ASSETCATALOG_COMPILER_GLOBAL_ACCENT_COLOR_NAME = AccentColor;
				CODE_SIGN_STYLE = Automatic;
				CURRENT_PROJECT_VERSION = 1;
				GENERATE_INFOPLIST_FILE = YES;
				INFOPLIST_FILE = AppChuckNorris/Info.plist;
				INFOPLIST_KEY_UIApplicationSupportsIndirectInputEvents = YES;
				INFOPLIST_KEY_UILaunchStoryboardName = LaunchScreen;
				INFOPLIST_KEY_UIMainStoryboardFile = Main;
				INFOPLIST_KEY_UISupportedInterfaceOrientations_iPad = "UIInterfaceOrientationPortrait UIInterfaceOrientationPortraitUpsideDown UIInterfaceOrientationLandscapeLeft UIInterfaceOrientationLandscapeRight";
				INFOPLIST_KEY_UISupportedInterfaceOrientations_iPhone = "UIInterfaceOrientationPortrait UIInterfaceOrientationLandscapeLeft UIInterfaceOrientationLandscapeRight";
				LD_RUNPATH_SEARCH_PATHS = (
					"$(inherited)",
					"@executable_path/Frameworks",
				);
				MARKETING_VERSION = 1.0;
				PRODUCT_BUNDLE_IDENTIFIER = AlexandreBrigolin.AppChuckNorris;
				PRODUCT_NAME = "$(TARGET_NAME)";
				SWIFT_EMIT_LOC_STRINGS = YES;
				SWIFT_VERSION = 5.0;
				TARGETED_DEVICE_FAMILY = "1,2";
			};
			name = Debug;
		};
		3F9A63B529771EEA00C3CAEE /* Release */ = {
			isa = XCBuildConfiguration;
			buildSettings = {
				ASSETCATALOG_COMPILER_APPICON_NAME = AppIcon;
				ASSETCATALOG_COMPILER_GLOBAL_ACCENT_COLOR_NAME = AccentColor;
				CODE_SIGN_STYLE = Automatic;
				CURRENT_PROJECT_VERSION = 1;
				GENERATE_INFOPLIST_FILE = YES;
				INFOPLIST_FILE = AppChuckNorris/Info.plist;
				INFOPLIST_KEY_UIApplicationSupportsIndirectInputEvents = YES;
				INFOPLIST_KEY_UILaunchStoryboardName = LaunchScreen;
				INFOPLIST_KEY_UIMainStoryboardFile = Main;
				INFOPLIST_KEY_UISupportedInterfaceOrientations_iPad = "UIInterfaceOrientationPortrait UIInterfaceOrientationPortraitUpsideDown UIInterfaceOrientationLandscapeLeft UIInterfaceOrientationLandscapeRight";
				INFOPLIST_KEY_UISupportedInterfaceOrientations_iPhone = "UIInterfaceOrientationPortrait UIInterfaceOrientationLandscapeLeft UIInterfaceOrientationLandscapeRight";
				LD_RUNPATH_SEARCH_PATHS = (
					"$(inherited)",
					"@executable_path/Frameworks",
				);
				MARKETING_VERSION = 1.0;
				PRODUCT_BUNDLE_IDENTIFIER = AlexandreBrigolin.AppChuckNorris;
				PRODUCT_NAME = "$(TARGET_NAME)";
				SWIFT_EMIT_LOC_STRINGS = YES;
				SWIFT_VERSION = 5.0;
				TARGETED_DEVICE_FAMILY = "1,2";
			};
			name = Release;
		};
		3F9A63B729771EEA00C3CAEE /* Debug */ = {
			isa = XCBuildConfiguration;
			buildSettings = {
				ALWAYS_EMBED_SWIFT_STANDARD_LIBRARIES = YES;
				BUNDLE_LOADER = "$(TEST_HOST)";
				CODE_SIGN_STYLE = Automatic;
				CURRENT_PROJECT_VERSION = 1;
				GENERATE_INFOPLIST_FILE = YES;
				IPHONEOS_DEPLOYMENT_TARGET = 16.2;
				MARKETING_VERSION = 1.0;
				PRODUCT_BUNDLE_IDENTIFIER = AlexandreBrigolin.AppChuckNorrisTests;
				PRODUCT_NAME = "$(TARGET_NAME)";
				SWIFT_EMIT_LOC_STRINGS = NO;
				SWIFT_VERSION = 5.0;
				TARGETED_DEVICE_FAMILY = "1,2";
				TEST_HOST = "$(BUILT_PRODUCTS_DIR)/AppChuckNorris.app/$(BUNDLE_EXECUTABLE_FOLDER_PATH)/AppChuckNorris";
			};
			name = Debug;
		};
		3F9A63B829771EEA00C3CAEE /* Release */ = {
			isa = XCBuildConfiguration;
			buildSettings = {
				ALWAYS_EMBED_SWIFT_STANDARD_LIBRARIES = YES;
				BUNDLE_LOADER = "$(TEST_HOST)";
				CODE_SIGN_STYLE = Automatic;
				CURRENT_PROJECT_VERSION = 1;
				GENERATE_INFOPLIST_FILE = YES;
				IPHONEOS_DEPLOYMENT_TARGET = 16.2;
				MARKETING_VERSION = 1.0;
				PRODUCT_BUNDLE_IDENTIFIER = AlexandreBrigolin.AppChuckNorrisTests;
				PRODUCT_NAME = "$(TARGET_NAME)";
				SWIFT_EMIT_LOC_STRINGS = NO;
				SWIFT_VERSION = 5.0;
				TARGETED_DEVICE_FAMILY = "1,2";
				TEST_HOST = "$(BUILT_PRODUCTS_DIR)/AppChuckNorris.app/$(BUNDLE_EXECUTABLE_FOLDER_PATH)/AppChuckNorris";
			};
			name = Release;
		};
		3F9A63BA29771EEA00C3CAEE /* Debug */ = {
			isa = XCBuildConfiguration;
			buildSettings = {
				ALWAYS_EMBED_SWIFT_STANDARD_LIBRARIES = YES;
				CODE_SIGN_STYLE = Automatic;
				CURRENT_PROJECT_VERSION = 1;
				GENERATE_INFOPLIST_FILE = YES;
				MARKETING_VERSION = 1.0;
				PRODUCT_BUNDLE_IDENTIFIER = AlexandreBrigolin.AppChuckNorrisUITests;
				PRODUCT_NAME = "$(TARGET_NAME)";
				SWIFT_EMIT_LOC_STRINGS = NO;
				SWIFT_VERSION = 5.0;
				TARGETED_DEVICE_FAMILY = "1,2";
				TEST_TARGET_NAME = AppChuckNorris;
			};
			name = Debug;
		};
		3F9A63BB29771EEA00C3CAEE /* Release */ = {
			isa = XCBuildConfiguration;
			buildSettings = {
				ALWAYS_EMBED_SWIFT_STANDARD_LIBRARIES = YES;
				CODE_SIGN_STYLE = Automatic;
				CURRENT_PROJECT_VERSION = 1;
				GENERATE_INFOPLIST_FILE = YES;
				MARKETING_VERSION = 1.0;
				PRODUCT_BUNDLE_IDENTIFIER = AlexandreBrigolin.AppChuckNorrisUITests;
				PRODUCT_NAME = "$(TARGET_NAME)";
				SWIFT_EMIT_LOC_STRINGS = NO;
				SWIFT_VERSION = 5.0;
				TARGETED_DEVICE_FAMILY = "1,2";
				TEST_TARGET_NAME = AppChuckNorris;
			};
			name = Release;
		};
/* End XCBuildConfiguration section */

/* Begin XCConfigurationList section */
		3F9A638129771EE800C3CAEE /* Build configuration list for PBXProject "AppChuckNorris" */ = {
			isa = XCConfigurationList;
			buildConfigurations = (
				3F9A63B129771EEA00C3CAEE /* Debug */,
				3F9A63B229771EEA00C3CAEE /* Release */,
			);
			defaultConfigurationIsVisible = 0;
			defaultConfigurationName = Release;
		};
		3F9A63B329771EEA00C3CAEE /* Build configuration list for PBXNativeTarget "AppChuckNorris" */ = {
			isa = XCConfigurationList;
			buildConfigurations = (
				3F9A63B429771EEA00C3CAEE /* Debug */,
				3F9A63B529771EEA00C3CAEE /* Release */,
			);
			defaultConfigurationIsVisible = 0;
			defaultConfigurationName = Release;
		};
		3F9A63B629771EEA00C3CAEE /* Build configuration list for PBXNativeTarget "AppChuckNorrisTests" */ = {
			isa = XCConfigurationList;
			buildConfigurations = (
				3F9A63B729771EEA00C3CAEE /* Debug */,
				3F9A63B829771EEA00C3CAEE /* Release */,
			);
			defaultConfigurationIsVisible = 0;
			defaultConfigurationName = Release;
		};
		3F9A63B929771EEA00C3CAEE /* Build configuration list for PBXNativeTarget "AppChuckNorrisUITests" */ = {
			isa = XCConfigurationList;
			buildConfigurations = (
				3F9A63BA29771EEA00C3CAEE /* Debug */,
				3F9A63BB29771EEA00C3CAEE /* Release */,
			);
			defaultConfigurationIsVisible = 0;
			defaultConfigurationName = Release;
		};
/* End XCConfigurationList section */

/* Begin XCVersionGroup section */
		3F9A639229771EE800C3CAEE /* AppChuckNorris.xcdatamodeld */ = {
			isa = XCVersionGroup;
			children = (
				3F9A639329771EE800C3CAEE /* AppChuckNorris.xcdatamodel */,
			);
			currentVersion = 3F9A639329771EE800C3CAEE /* AppChuckNorris.xcdatamodel */;
			path = AppChuckNorris.xcdatamodeld;
			sourceTree = "<group>";
			versionGroupType = wrapper.xcdatamodel;
		};
/* End XCVersionGroup section */
	};
	rootObject = 3F9A637E29771EE800C3CAEE /* Project object */;
}
